
Microsoft Visual Studio Solution File, Format Version 12.00
# Visual Studio Version 16
VisualStudioVersion = 16.0.29920.165
MinimumVisualStudioVersion = 10.0.40219.1
Project("{FAE04EC0-301F-11D3-BF4B-00C04F79EFBC}") = "CSharp7.0CoreGuide.App", "CSharp7.0CoreGuide.App\CSharp7.0CoreGuide.App.csproj", "{7E9B5D53-C3F5-41F7-A0ED-9D82DA7EABB2}"
EndProject
Project("{FAE04EC0-301F-11D3-BF4B-00C04F79EFBC}") = "Chapter4", "Chapter4\Chapter4.csproj", "{0AF1BAC2-634C-4DB0-9DFF-32EBD28E2561}"
EndProject
Project("{FAE04EC0-301F-11D3-BF4B-00C04F79EFBC}") = "Chapter6", "Chapter6\Chapter6.csproj", "{314A613C-6053-4642-B6BC-8F2739F6AD54}"
EndProject
Project("{FAE04EC0-301F-11D3-BF4B-00C04F79EFBC}") = "Chapter14", "Chapter14\Chapter14.csproj", "{11196665-81FC-4640-A0D6-294FF0EF430E}"
EndProject
Global
	GlobalSection(SolutionConfigurationPlatforms) = preSolution
		Debug|Any CPU = Debug|Any CPU
		Release|Any CPU = Release|Any CPU
	EndGlobalSection
	GlobalSection(ProjectConfigurationPlatforms) = postSolution
		{7E9B5D53-C3F5-41F7-A0ED-9D82DA7EABB2}.Debug|Any CPU.ActiveCfg = Debug|Any CPU
		{7E9B5D53-C3F5-41F7-A0ED-9D82DA7EABB2}.Debug|Any CPU.Build.0 = Debug|Any CPU
		{7E9B5D53-C3F5-41F7-A0ED-9D82DA7EABB2}.Release|Any CPU.ActiveCfg = Release|Any CPU
		{7E9B5D53-C3F5-41F7-A0ED-9D82DA7EABB2}.Release|Any CPU.Build.0 = Release|Any CPU
		{0AF1BAC2-634C-4DB0-9DFF-32EBD28E2561}.Debug|Any CPU.ActiveCfg = Debug|Any CPU
		{0AF1BAC2-634C-4DB0-9DFF-32EBD28E2561}.Debug|Any CPU.Build.0 = Debug|Any CPU
		{0AF1BAC2-634C-4DB0-9DFF-32EBD28E2561}.Release|Any CPU.ActiveCfg = Release|Any CPU
		{0AF1BAC2-634C-4DB0-9DFF-32EBD28E2561}.Release|Any CPU.Build.0 = Release|Any CPU
		{314A613C-6053-4642-B6BC-8F2739F6AD54}.Debug|Any CPU.ActiveCfg = Debug|Any CPU
		{314A613C-6053-4642-B6BC-8F2739F6AD54}.Debug|Any CPU.Build.0 = Debug|Any CPU
		{314A613C-6053-4642-B6BC-8F2739F6AD54}.Release|Any CPU.ActiveCfg = Release|Any CPU
		{314A613C-6053-4642-B6BC-8F2739F6AD54}.Release|Any CPU.Build.0 = Release|Any CPU
		{11196665-81FC-4640-A0D6-294FF0EF430E}.Debug|Any CPU.ActiveCfg = Debug|Any CPU
		{11196665-81FC-4640-A0D6-294FF0EF430E}.Debug|Any CPU.Build.0 = Debug|Any CPU
		{11196665-81FC-4640-A0D6-294FF0EF430E}.Release|Any CPU.ActiveCfg = Release|Any CPU
		{11196665-81FC-4640-A0D6-294FF0EF430E}.Release|Any CPU.Build.0 = Release|Any CPU
	EndGlobalSection
	GlobalSection(SolutionProperties) = preSolution
		HideSolutionNode = FALSE
	EndGlobalSection
	GlobalSection(ExtensibilityGlobals) = postSolution
		SolutionGuid = {9575D494-DA31-4DA3-99CD-AB079DD6B890}
	EndGlobalSection
EndGlobal
